
Microsoft Visual Studio Solution File, Format Version 12.00
# Visual Studio Version 17
VisualStudioVersion = 17.11.35219.272
MinimumVisualStudioVersion = 10.0.40219.1
Project("{9A19103F-16F7-4668-BE54-9A1E7A4F7556}") = "TwoSum", "TwoSum\TwoSum.csproj", "{D736DD52-7B70-4E1E-AC16-2C73A41E1976}"
EndProject
Project("{9A19103F-16F7-4668-BE54-9A1E7A4F7556}") = "RomanToInteger", "RomanToInteger\RomanToInteger.csproj", "{E0FE232C-BC05-4E32-9CD2-AB512DC1A3DA}"
EndProject
Project("{2150E333-8FDC-42A3-9474-1A3956D46DE8}") = "Solution Items", "Solution Items", "{85F9C34F-F5A9-4EE0-82F1-24941496EA23}"
	ProjectSection(SolutionItems) = preProject
		..\README.md = ..\README.md
	EndProjectSection
EndProject
Project("{9A19103F-16F7-4668-BE54-9A1E7A4F7556}") = "AddTwoNumbers", "AddTwoNumbers\AddTwoNumbers.csproj", "{77D60461-52CD-4C36-BF99-8D3BFCFCE0B2}"
EndProject
Project("{FAE04EC0-301F-11D3-BF4B-00C04F79EFBC}") = "ValidParantheses", "ValidParantheses\ValidParantheses.csproj", "{62E36FAA-F1CE-4FEC-98C7-A5237266F50B}"
EndProject
Global
	GlobalSection(SolutionConfigurationPlatforms) = preSolution
		Debug|Any CPU = Debug|Any CPU
		Release|Any CPU = Release|Any CPU
	EndGlobalSection
	GlobalSection(ProjectConfigurationPlatforms) = postSolution
		{D736DD52-7B70-4E1E-AC16-2C73A41E1976}.Debug|Any CPU.ActiveCfg = Debug|Any CPU
		{D736DD52-7B70-4E1E-AC16-2C73A41E1976}.Debug|Any CPU.Build.0 = Debug|Any CPU
		{D736DD52-7B70-4E1E-AC16-2C73A41E1976}.Release|Any CPU.ActiveCfg = Release|Any CPU
		{D736DD52-7B70-4E1E-AC16-2C73A41E1976}.Release|Any CPU.Build.0 = Release|Any CPU
		{E0FE232C-BC05-4E32-9CD2-AB512DC1A3DA}.Debug|Any CPU.ActiveCfg = Debug|Any CPU
		{E0FE232C-BC05-4E32-9CD2-AB512DC1A3DA}.Debug|Any CPU.Build.0 = Debug|Any CPU
		{E0FE232C-BC05-4E32-9CD2-AB512DC1A3DA}.Release|Any CPU.ActiveCfg = Release|Any CPU
		{E0FE232C-BC05-4E32-9CD2-AB512DC1A3DA}.Release|Any CPU.Build.0 = Release|Any CPU
		{77D60461-52CD-4C36-BF99-8D3BFCFCE0B2}.Debug|Any CPU.ActiveCfg = Debug|Any CPU
		{77D60461-52CD-4C36-BF99-8D3BFCFCE0B2}.Debug|Any CPU.Build.0 = Debug|Any CPU
		{77D60461-52CD-4C36-BF99-8D3BFCFCE0B2}.Release|Any CPU.ActiveCfg = Release|Any CPU
		{77D60461-52CD-4C36-BF99-8D3BFCFCE0B2}.Release|Any CPU.Build.0 = Release|Any CPU
		{62E36FAA-F1CE-4FEC-98C7-A5237266F50B}.Debug|Any CPU.ActiveCfg = Debug|Any CPU
		{62E36FAA-F1CE-4FEC-98C7-A5237266F50B}.Debug|Any CPU.Build.0 = Debug|Any CPU
		{62E36FAA-F1CE-4FEC-98C7-A5237266F50B}.Release|Any CPU.ActiveCfg = Release|Any CPU
		{62E36FAA-F1CE-4FEC-98C7-A5237266F50B}.Release|Any CPU.Build.0 = Release|Any CPU
	EndGlobalSection
	GlobalSection(SolutionProperties) = preSolution
		HideSolutionNode = FALSE
	EndGlobalSection
	GlobalSection(ExtensibilityGlobals) = postSolution
		SolutionGuid = {5E52C560-E432-4BB9-BB6F-882E42F2372D}
	EndGlobalSection
EndGlobal
